
Microsoft Visual Studio Solution File, Format Version 12.00
# Visual Studio Version 16
VisualStudioVersion = 16.0.30611.23
MinimumVisualStudioVersion = 10.0.40219.1
Project("{9A19103F-16F7-4668-BE54-9A1E7A4F7556}") = "Question.Domain", "Question.Domain\Question.Domain.csproj", "{1B21B051-469C-4E09-A37B-FDD8E39B6C8E}"
EndProject
Global
	GlobalSection(SolutionConfigurationPlatforms) = preSolution
		Debug|Any CPU = Debug|Any CPU
		Release|Any CPU = Release|Any CPU
	EndGlobalSection
	GlobalSection(ProjectConfigurationPlatforms) = postSolution
		{1B21B051-469C-4E09-A37B-FDD8E39B6C8E}.Debug|Any CPU.ActiveCfg = Debug|Any CPU
		{1B21B051-469C-4E09-A37B-FDD8E39B6C8E}.Debug|Any CPU.Build.0 = Debug|Any CPU
		{1B21B051-469C-4E09-A37B-FDD8E39B6C8E}.Release|Any CPU.ActiveCfg = Release|Any CPU
		{1B21B051-469C-4E09-A37B-FDD8E39B6C8E}.Release|Any CPU.Build.0 = Release|Any CPU
	EndGlobalSection
	GlobalSection(SolutionProperties) = preSolution
		HideSolutionNode = FALSE
	EndGlobalSection
	GlobalSection(ExtensibilityGlobals) = postSolution
		SolutionGuid = {254F786F-3278-4791-B469-7468DC190EE4}
	EndGlobalSection
EndGlobal
